
Microsoft Visual Studio Solution File, Format Version 9.00
# Visual Studio 2005
Project("{FAE04EC0-301F-11D3-BF4B-00C04F79EFBC}") = "PipView", "PipView\PipView.csproj", "{9B80ED29-852E-41B8-BF39-0A9C85F0AF3C}"
EndProject
Global
	GlobalSection(SolutionConfigurationPlatforms) = preSolution
		Debug|Any CPU = Debug|Any CPU
		Release|Any CPU = Release|Any CPU
	EndGlobalSection
	GlobalSection(ProjectConfigurationPlatforms) = postSolution
		{9B80ED29-852E-41B8-BF39-0A9C85F0AF3C}.Debug|Any CPU.ActiveCfg = Debug|Any CPU
		{9B80ED29-852E-41B8-BF39-0A9C85F0AF3C}.Debug|Any CPU.Build.0 = Debug|Any CPU
		{9B80ED29-852E-41B8-BF39-0A9C85F0AF3C}.Release|Any CPU.ActiveCfg = Release|Any CPU
		{9B80ED29-852E-41B8-BF39-0A9C85F0AF3C}.Release|Any CPU.Build.0 = Release|Any CPU
	EndGlobalSection
	GlobalSection(SolutionProperties) = preSolution
		HideSolutionNode = FALSE
	EndGlobalSection
EndGlobal
